PODS:
  - alarm (0.0.1):
    - Flutter
  - Flutter (1.0.0)
  - flutter_fgbg (0.0.1):
    - Flutter
  - flutter_local_notifications (0.0.1):
    - Flutter
  - flutter_timezone (0.0.1):
    - Flutter
  - home_widget (0.0.1):
    - Flutter
  - shared_preferences_foundation (0.0.1):
    - Flutter
    - FlutterMacOS

DEPENDENCIES:
  - alarm (from `.symlinks/plugins/alarm/ios`)
  - Flutter (from `Flutter`)
  - flutter_fgbg (from `.symlinks/plugins/flutter_fgbg/ios`)
  - flutter_local_notifications (from `.symlinks/plugins/flutter_local_notifications/ios`)
  - flutter_timezone (from `.symlinks/plugins/flutter_timezone/ios`)
  - home_widget (from `.symlinks/plugins/home_widget/ios`)
  - shared_preferences_foundation (from `.symlinks/plugins/shared_preferences_foundation/darwin`)

EXTERNAL SOURCES:
  alarm:
    :path: ".symlinks/plugins/alarm/ios"
  Flutter:
    :path: Flutter
  flutter_fgbg:
    :path: ".symlinks/plugins/flutter_fgbg/ios"
  flutter_local_notifications:
    :path: ".symlinks/plugins/flutter_local_notifications/ios"
  flutter_timezone:
    :path: ".symlinks/plugins/flutter_timezone/ios"
  home_widget:
    :path: ".symlinks/plugins/home_widget/ios"
  shared_preferences_foundation:
    :path: ".symlinks/plugins/shared_preferences_foundation/darwin"

SPEC CHECKSUMS:
  alarm: 8a8ed4893eb9bd09e7c5a96bf8ab8104f380f65f
  Flutter: cabc95a1d2626b1b06e7179b784ebcf0c0cde467
  flutter_fgbg: d3da78df78454b1808f0829a5da9cd17dfe16444
  flutter_local_notifications: 643a3eda1ce1c0599413ca31672536d423dee214
  flutter_timezone: 7c838e17ffd4645d261e87037e5bebf6d38fe544
  home_widget: 54b4f6b36ed8d64cfee594a476225c35c3e45091
  shared_preferences_foundation: 7036424c3d8ec98dfe75ff1667cb0cd531ec82bb

PODFILE CHECKSUM: d71a8f9d234bf288cee64b372c30c196c8075224

COCOAPODS: 1.16.2
